
Microsoft Visual Studio Solution File, Format Version 12.00
# Visual Studio 14
VisualStudioVersion = 14.0.24720.0
MinimumVisualStudioVersion = 10.0.40219.1
Project("{FAE04EC0-301F-11D3-BF4B-00C04F79EFBC}") = "tplink-smartplug", "tplink-smartplug\tplink-smartplug.csproj", "{B3AD0E57-0EE1-435C-9302-6716F8FEB9D7}"
EndProject
Project("{FAE04EC0-301F-11D3-BF4B-00C04F79EFBC}") = "tplink-smartplug.ConsoleClient", "tplink-smartplug.ConsoleClient\tplink-smartplug.ConsoleClient.csproj", "{9F2560E3-064B-4C54-BA8B-3EC58C993FF7}"
EndProject
Project("{FAE04EC0-301F-11D3-BF4B-00C04F79EFBC}") = "tplink-smartplug.Tests", "tplink-smartplug.Tests\tplink-smartplug.Tests.csproj", "{96CA26F9-5299-4A62-AF11-7DD1AF93249D}"
EndProject
Global
	GlobalSection(SolutionConfigurationPlatforms) = preSolution
		Debug|Any CPU = Debug|Any CPU
		Release|Any CPU = Release|Any CPU
	EndGlobalSection
	GlobalSection(ProjectConfigurationPlatforms) = postSolution
		{B3AD0E57-0EE1-435C-9302-6716F8FEB9D7}.Debug|Any CPU.ActiveCfg = Debug|Any CPU
		{B3AD0E57-0EE1-435C-9302-6716F8FEB9D7}.Debug|Any CPU.Build.0 = Debug|Any CPU
		{B3AD0E57-0EE1-435C-9302-6716F8FEB9D7}.Release|Any CPU.ActiveCfg = Release|Any CPU
		{B3AD0E57-0EE1-435C-9302-6716F8FEB9D7}.Release|Any CPU.Build.0 = Release|Any CPU
		{9F2560E3-064B-4C54-BA8B-3EC58C993FF7}.Debug|Any CPU.ActiveCfg = Debug|Any CPU
		{9F2560E3-064B-4C54-BA8B-3EC58C993FF7}.Debug|Any CPU.Build.0 = Debug|Any CPU
		{9F2560E3-064B-4C54-BA8B-3EC58C993FF7}.Release|Any CPU.ActiveCfg = Release|Any CPU
		{9F2560E3-064B-4C54-BA8B-3EC58C993FF7}.Release|Any CPU.Build.0 = Release|Any CPU
		{96CA26F9-5299-4A62-AF11-7DD1AF93249D}.Debug|Any CPU.ActiveCfg = Debug|Any CPU
		{96CA26F9-5299-4A62-AF11-7DD1AF93249D}.Debug|Any CPU.Build.0 = Debug|Any CPU
		{96CA26F9-5299-4A62-AF11-7DD1AF93249D}.Release|Any CPU.ActiveCfg = Release|Any CPU
		{96CA26F9-5299-4A62-AF11-7DD1AF93249D}.Release|Any CPU.Build.0 = Release|Any CPU
	EndGlobalSection
	GlobalSection(SolutionProperties) = preSolution
		HideSolutionNode = FALSE
	EndGlobalSection
EndGlobal
